schema: '2.0'
stages:
  generate_data:
    cmd: python src/stages/generate_synthetic_data.py
    deps:
    - path: src/stages/generate_synthetic_data.py
      hash: md5
      md5: be74f36a502dcc26d336059182e15b70
      size: 4413
    - path: src/utilities/data_utils.py
      hash: md5
      md5: debc0fbd5c434dc6b0591cd6cb9af0fe
      size: 29617
    params:
      params.yaml:
        data:
          n_samples: 1000
          n_pred_samples: 100
          spacing: 50
          depth: -500
          n_features: 5
          n_classes: 5
          threshold_binary: 0.5
          min_samples_per_class: 20
          connection_radius: 150
          n_splits: 3
          test_size: 0.3
          calib_size: 0.5
          n_hotspots: 5
          n_hotspots_random: false
          seed: 464
    outs:
    - path: results/data
      hash: md5
      md5: b106cebc2dcae6db70f7761b2cea3d03.dir
      size: 39849062
      nfiles: 12
  train:
    cmd: python src/stages/train.py --model gat
    deps:
    - path: results/data
      hash: md5
      md5: b106cebc2dcae6db70f7761b2cea3d03.dir
      size: 39849062
      nfiles: 12
    - path: src/models/
      hash: md5
      md5: 94dea62ac7af3b278224b13966558cbe.dir
      size: 23815
      nfiles: 10
    - path: src/stages/train.py
      hash: md5
      md5: f710d8b68f714e2439b58b676e06496f
      size: 3310
    - path: src/utilities/logging_utils.py
      hash: md5
      md5: 608e90f581f5c92d5b0396e6ae19b813
      size: 1081
    - path: src/utilities/train_utils.py
      hash: md5
      md5: e16cf2f5a466a15fcaf0ce32bd2d6fa5
      size: 11175
    params:
      params.yaml:
        model: gat
        models.gat:
          hidden_channels: 64
          n_layers: 3
          n_heads: 5
          dropout: 0.3
          batch_norm: true
        train:
          n_epochs: 1000
          lr: 0.001
          max_grad_norm: 1.0
          weight_decay_adam_optimizer: 0.0005
          factor_learning_rate_scheduler: 0.5
          patience_learning_rate_scheduler: 20
          patience_early_stopping: 50
          min_delta_early_stopping: 0.001
    outs:
    - path: results/trained
      hash: md5
      md5: d983e46cfde1ff0e0b8356da996ca52f.dir
      size: 2497420
      nfiles: 4
  evaluate:
    cmd: python src/stages/evaluate.py --model gat
    deps:
    - path: results/trained
      hash: md5
      md5: d983e46cfde1ff0e0b8356da996ca52f.dir
      size: 2497420
      nfiles: 4
    - path: src/models/
      hash: md5
      md5: 94dea62ac7af3b278224b13966558cbe.dir
      size: 23815
      nfiles: 10
    - path: src/stages/evaluate.py
      hash: md5
      md5: ed52fabd29d627143cdec52364fbd3ed
      size: 3548
    - path: src/utilities/calibration_utils.py
      hash: md5
      md5: dbf6b5f39da243e06e73694dc0f2de71
      size: 62546
    - path: src/utilities/eval_utils.py
      hash: md5
      md5: f6a0d60a4ccdae3fe2bc44bc524a7502
      size: 14574
    - path: src/utilities/logging_utils.py
      hash: md5
      md5: 608e90f581f5c92d5b0396e6ae19b813
      size: 1081
    params:
      params.yaml:
        evaluate:
          initial_temperature: 1.2
          n_bins: 10
          class_names:
          calibration_method: beta
          n_epochs: 1000
          lr: 0.001
          weight_decay_adam_optimizer: 0.0005
          verbose: true
          factor_learning_rate_scheduler: 0.4
          patience_learning_rate_scheduler: 20
          patience_early_stopping: 50
          min_delta_early_stopping: 0.001
          reg_lambda: 0.01
          reg_mu: 0.01
          eps: 1e-08
          seed: 40
    outs:
    - path: results/evaluation
      hash: md5
      md5: 6c0dbe0dc466ac4d1546f5f5f24cddf4.dir
      size: 450881
      nfiles: 6
  predict:
    cmd: python src/stages/predict.py --model gat
    deps:
    - path: results/data
      hash: md5
      md5: b106cebc2dcae6db70f7761b2cea3d03.dir
      size: 39849062
      nfiles: 12
    - path: results/evaluation
      hash: md5
      md5: 6c0dbe0dc466ac4d1546f5f5f24cddf4.dir
      size: 450881
      nfiles: 6
    - path: src/models/
      hash: md5
      md5: 94dea62ac7af3b278224b13966558cbe.dir
      size: 23815
      nfiles: 10
    - path: src/stages/predict.py
      hash: md5
      md5: 7676302f56835d477fdce3b9018135ba
      size: 1595
    - path: src/utilities/calibration_utils.py
      hash: md5
      md5: dbf6b5f39da243e06e73694dc0f2de71
      size: 62546
    - path: src/utilities/logging_utils.py
      hash: md5
      md5: 608e90f581f5c92d5b0396e6ae19b813
      size: 1081
    - path: src/utilities/pred_utils.py
      hash: md5
      md5: 06420917a84aa648a43ea75af1d5a9d6
      size: 3126
  analyze_drift:
    cmd: python src/stages/analyze_drift.py
    deps:
    - path: results/data
      hash: md5
      md5: b106cebc2dcae6db70f7761b2cea3d03.dir
      size: 39849062
      nfiles: 12
    - path: src/models/
      hash: md5
      md5: 94dea62ac7af3b278224b13966558cbe.dir
      size: 23815
      nfiles: 10
    - path: src/stages/analyze_drift.py
      hash: md5
      md5: ee9580c5924f4ebd5334b0b0ac4a0495
      size: 1425
    - path: src/utilities/drift_detection_utils.py
      hash: md5
      md5: bffef2b8030654909630eef8af55e942
      size: 28106
    - path: src/utilities/logging_utils.py
      hash: md5
      md5: 608e90f581f5c92d5b0396e6ae19b813
      size: 1081
    params:
      params.yaml:
        analyze_drift:
          n_permutations: 1000
          gamma:
    outs:
    - path: results/drift_analysis
      hash: md5
      md5: b1563b26fc5953ecbe25f7d617105605.dir
      size: 3266732
      nfiles: 5
